{
  "lockfile_version": "1",
  "packages": {
    "biome@latest": {
      "last_modified": "2025-06-20T02:24:11Z",
      "resolved": "github:NixOS/nixpkgs/076e8c6678d8c54204abcb4b1b14c366835a58bb#biome",
      "source": "devbox-search",
      "version": "2.0.0",
      "systems": {
        "aarch64-darwin": {
          "outputs": [
            {
              "name": "out",
              "path": "/nix/store/8s33yqc6l1pbn0n0g9vybspx5kigyfcs-biome-2.0.0",
              "default": true
            }
          ],
          "store_path": "/nix/store/8s33yqc6l1pbn0n0g9vybspx5kigyfcs-biome-2.0.0"
        },
        "aarch64-linux": {
          "outputs": [
            {
              "name": "out",
              "path": "/nix/store/90gkx9vkgripk2q3wwvv0zrqbr28793n-biome-2.0.0",
              "default": true
            }
          ],
          "store_path": "/nix/store/90gkx9vkgripk2q3wwvv0zrqbr28793n-biome-2.0.0"
        },
        "x86_64-darwin": {
          "outputs": [
            {
              "name": "out",
              "path": "/nix/store/mnf9qlkr2sqwd1pjpywi3rp1c0agshpk-biome-2.0.0",
              "default": true
            }
          ],
          "store_path": "/nix/store/mnf9qlkr2sqwd1pjpywi3rp1c0agshpk-biome-2.0.0"
        },
        "x86_64-linux": {
          "outputs": [
            {
              "name": "out",
              "path": "/nix/store/4irxa81nk3clyf03fxz4yxczq4apc635-biome-2.0.0",
              "default": true
            }
          ],
          "store_path": "/nix/store/4irxa81nk3clyf03fxz4yxczq4apc635-biome-2.0.0"
        }
      }
    },
    "bun@latest": {
      "last_modified": "2025-06-20T02:24:11Z",
      "resolved": "github:NixOS/nixpkgs/076e8c6678d8c54204abcb4b1b14c366835a58bb#bun",
      "source": "devbox-search",
      "version": "1.2.16",
      "systems": {
        "aarch64-darwin": {
          "outputs": [
            {
              "name": "out",
              "path": "/nix/store/bwghdw89ql1vawpdz75567wmxw731sh4-bun-1.2.16",
              "default": true
            }
          ],
          "store_path": "/nix/store/bwghdw89ql1vawpdz75567wmxw731sh4-bun-1.2.16"
        },
        "aarch64-linux": {
          "outputs": [
            {
              "name": "out",
              "path": "/nix/store/5560f4h11ngfyxd9w79iz44drj7wa5kw-bun-1.2.16",
              "default": true
            }
          ],
          "store_path": "/nix/store/5560f4h11ngfyxd9w79iz44drj7wa5kw-bun-1.2.16"
        },
        "x86_64-darwin": {
          "outputs": [
            {
              "name": "out",
              "path": "/nix/store/axmz9qir3icwyhmgzmsrg8l8r6a4f3m5-bun-1.2.16",
              "default": true
            }
          ],
          "store_path": "/nix/store/axmz9qir3icwyhmgzmsrg8l8r6a4f3m5-bun-1.2.16"
        },
        "x86_64-linux": {
          "outputs": [
            {
              "name": "out",
              "path": "/nix/store/z440k019rqj5w145wgm6yjd5zjw8m9hk-bun-1.2.16",
              "default": true
            }
          ],
          "store_path": "/nix/store/z440k019rqj5w145wgm6yjd5zjw8m9hk-bun-1.2.16"
        }
      }
    },
    "github:NixOS/nixpkgs/nixpkgs-unstable": {
      "last_modified": "2025-06-24T02:18:21Z",
      "resolved": "github:NixOS/nixpkgs/69dfebb3d175bde602f612915c5576a41b18486b?lastModified=1750731501&narHash=sha256-Ah4qq%2BSbwMaGkuXCibyg%2BFwn00el4KmI3XFX6htfDuk%3D"
    },
    "nodejs@22": {
      "last_modified": "2025-05-31T03:30:20Z",
      "plugin_version": "0.0.2",
      "resolved": "github:NixOS/nixpkgs/59138c7667b7970d205d6a05a8bfa2d78caa3643#nodejs_22",
      "source": "devbox-search",
      "version": "22.14.0",
      "systems": {
        "aarch64-darwin": {
          "outputs": [
            {
              "name": "out",
              "path": "/nix/store/g5bv4gi6p7ryhs2hbaryxs6ivsxa6lqc-nodejs-22.14.0",
              "default": true
            },
            {
              "name": "dev",
              "path": "/nix/store/96vpirdcns8zxdwzwl7n804012lwrf1n-nodejs-22.14.0-dev"
            },
            {
              "name": "libv8",
              "path": "/nix/store/xph2837xqjnra80mqlk64xp7vb3kkqxs-nodejs-22.14.0-libv8"
            }
          ],
          "store_path": "/nix/store/g5bv4gi6p7ryhs2hbaryxs6ivsxa6lqc-nodejs-22.14.0"
        },
        "aarch64-linux": {
          "outputs": [
            {
              "name": "out",
              "path": "/nix/store/cwb781xbp70f72njqh8vhvbsf1xq87i5-nodejs-22.14.0",
              "default": true
            },
            {
              "name": "dev",
              "path": "/nix/store/0w5mql46am2qai707a42q983l44l1h9z-nodejs-22.14.0-dev"
            },
            {
              "name": "libv8",
              "path": "/nix/store/vy56lahz381ayvw3hym3wj4r4ggv7gbk-nodejs-22.14.0-libv8"
            }
          ],
          "store_path": "/nix/store/cwb781xbp70f72njqh8vhvbsf1xq87i5-nodejs-22.14.0"
        },
        "x86_64-darwin": {
          "outputs": [
            {
              "name": "out",
              "path": "/nix/store/086zjv14ipka2vbpgwil3xyvi5ml4vh3-nodejs-22.14.0",
              "default": true
            },
            {
              "name": "dev",
              "path": "/nix/store/24n01nfvy908pwzwpgsl0k4227187i7i-nodejs-22.14.0-dev"
            },
            {
              "name": "libv8",
              "path": "/nix/store/jiwk0in1wk85crn9vp03gg937gbh1s0w-nodejs-22.14.0-libv8"
            }
          ],
          "store_path": "/nix/store/086zjv14ipka2vbpgwil3xyvi5ml4vh3-nodejs-22.14.0"
        },
        "x86_64-linux": {
          "outputs": [
            {
              "name": "out",
              "path": "/nix/store/c8jxsih8yy2rnncdmx2hyraizf689nvp-nodejs-22.14.0",
              "default": true
            },
            {
              "name": "libv8",
              "path": "/nix/store/s8gnrgh9hgnbkrc1wrn21d6zvkbvm9vi-nodejs-22.14.0-libv8"
            },
            {
              "name": "dev",
              "path": "/nix/store/xw8c1c0inxq3xl1d7axz19vq8c05kjk5-nodejs-22.14.0-dev"
            }
          ],
          "store_path": "/nix/store/c8jxsih8yy2rnncdmx2hyraizf689nvp-nodejs-22.14.0"
        }
      }
    }
  }
}
